
Microsoft Visual Studio Solution File, Format Version 12.00
# Visual Studio 15
VisualStudioVersion = 15.0.27703.2042
MinimumVisualStudioVersion = 10.0.40219.1
Project("{FAE04EC0-301F-11D3-BF4B-00C04F79EFBC}") = "ConsoleApp2", "ConsoleApp2\ConsoleApp2.csproj", "{19BFA524-56CA-4975-BD0B-5A6DE1DE22A5}"
EndProject
Global
	GlobalSection(SolutionConfigurationPlatforms) = preSolution
		Debug|Any CPU = Debug|Any CPU
		Release|Any CPU = Release|Any CPU
	EndGlobalSection
	GlobalSection(ProjectConfigurationPlatforms) = postSolution
		{19BFA524-56CA-4975-BD0B-5A6DE1DE22A5}.Debug|Any CPU.ActiveCfg = Debug|Any CPU
		{19BFA524-56CA-4975-BD0B-5A6DE1DE22A5}.Debug|Any CPU.Build.0 = Debug|Any CPU
		{19BFA524-56CA-4975-BD0B-5A6DE1DE22A5}.Release|Any CPU.ActiveCfg = Release|Any CPU
		{19BFA524-56CA-4975-BD0B-5A6DE1DE22A5}.Release|Any CPU.Build.0 = Release|Any CPU
	EndGlobalSection
	GlobalSection(SolutionProperties) = preSolution
		HideSolutionNode = FALSE
	EndGlobalSection
	GlobalSection(ExtensibilityGlobals) = postSolution
		SolutionGuid = {AF154038-AA47-433E-978C-7197FB44B55F}
	EndGlobalSection
EndGlobal
